
Microsoft Visual Studio Solution File, Format Version 12.00
# Visual Studio Version 16
VisualStudioVersion = 16.0.31205.134
MinimumVisualStudioVersion = 10.0.40219.1
Project("{FAE04EC0-301F-11D3-BF4B-00C04F79EFBC}") = "BMIAppXamarin.Android", "BMIAppXamarin\BMIAppXamarin.Android\BMIAppXamarin.Android.csproj", "{DD674AC7-0B74-4A6A-854F-58D6A974F2A9}"
EndProject
Project("{FAE04EC0-301F-11D3-BF4B-00C04F79EFBC}") = "BMIAppXamarin.iOS", "BMIAppXamarin\BMIAppXamarin.iOS\BMIAppXamarin.iOS.csproj", "{F0A47694-709A-4C74-9009-D673C53F35D5}"
EndProject
Project("{FAE04EC0-301F-11D3-BF4B-00C04F79EFBC}") = "BMIAppXamarin", "BMIAppXamarin\BMIAppXamarin\BMIAppXamarin.csproj", "{E0EB2FA9-0BE3-40D1-A3D1-D1397B82F8D4}"
EndProject
Global
	GlobalSection(SolutionConfigurationPlatforms) = preSolution
		Debug|Any CPU = Debug|Any CPU
		Debug|iPhone = Debug|iPhone
		Debug|iPhoneSimulator = Debug|iPhoneSimulator
		Release|Any CPU = Release|Any CPU
		Release|iPhone = Release|iPhone
		Release|iPhoneSimulator = Release|iPhoneSimulator
	EndGlobalSection
	GlobalSection(ProjectConfigurationPlatforms) = postSolution
		{DD674AC7-0B74-4A6A-854F-58D6A974F2A9}.Debug|Any CPU.ActiveCfg = Debug|Any CPU
		{DD674AC7-0B74-4A6A-854F-58D6A974F2A9}.Debug|Any CPU.Build.0 = Debug|Any CPU
		{DD674AC7-0B74-4A6A-854F-58D6A974F2A9}.Debug|Any CPU.Deploy.0 = Debug|Any CPU
		{DD674AC7-0B74-4A6A-854F-58D6A974F2A9}.Debug|iPhone.ActiveCfg = Debug|Any CPU
		{DD674AC7-0B74-4A6A-854F-58D6A974F2A9}.Debug|iPhone.Build.0 = Debug|Any CPU
		{DD674AC7-0B74-4A6A-854F-58D6A974F2A9}.Debug|iPhone.Deploy.0 = Debug|Any CPU
		{DD674AC7-0B74-4A6A-854F-58D6A974F2A9}.Debug|iPhoneSimulator.ActiveCfg = Debug|Any CPU
		{DD674AC7-0B74-4A6A-854F-58D6A974F2A9}.Debug|iPhoneSimulator.Build.0 = Debug|Any CPU
		{DD674AC7-0B74-4A6A-854F-58D6A974F2A9}.Debug|iPhoneSimulator.Deploy.0 = Debug|Any CPU
		{DD674AC7-0B74-4A6A-854F-58D6A974F2A9}.Release|Any CPU.ActiveCfg = Release|Any CPU
		{DD674AC7-0B74-4A6A-854F-58D6A974F2A9}.Release|Any CPU.Build.0 = Release|Any CPU
		{DD674AC7-0B74-4A6A-854F-58D6A974F2A9}.Release|Any CPU.Deploy.0 = Release|Any CPU
		{DD674AC7-0B74-4A6A-854F-58D6A974F2A9}.Release|iPhone.ActiveCfg = Release|Any CPU
		{DD674AC7-0B74-4A6A-854F-58D6A974F2A9}.Release|iPhone.Build.0 = Release|Any CPU
		{DD674AC7-0B74-4A6A-854F-58D6A974F2A9}.Release|iPhone.Deploy.0 = Release|Any CPU
		{DD674AC7-0B74-4A6A-854F-58D6A974F2A9}.Release|iPhoneSimulator.ActiveCfg = Release|Any CPU
		{DD674AC7-0B74-4A6A-854F-58D6A974F2A9}.Release|iPhoneSimulator.Build.0 = Release|Any CPU
		{DD674AC7-0B74-4A6A-854F-58D6A974F2A9}.Release|iPhoneSimulator.Deploy.0 = Release|Any CPU
		{F0A47694-709A-4C74-9009-D673C53F35D5}.Debug|Any CPU.ActiveCfg = Debug|iPhone
		{F0A47694-709A-4C74-9009-D673C53F35D5}.Debug|Any CPU.Build.0 = Debug|iPhone
		{F0A47694-709A-4C74-9009-D673C53F35D5}.Debug|Any CPU.Deploy.0 = Debug|iPhone
		{F0A47694-709A-4C74-9009-D673C53F35D5}.Debug|iPhone.ActiveCfg = Debug|iPhone
		{F0A47694-709A-4C74-9009-D673C53F35D5}.Debug|iPhone.Build.0 = Debug|iPhone
		{F0A47694-709A-4C74-9009-D673C53F35D5}.Debug|iPhone.Deploy.0 = Debug|iPhone
		{F0A47694-709A-4C74-9009-D673C53F35D5}.Debug|iPhoneSimulator.ActiveCfg = Debug|iPhoneSimulator
		{F0A47694-709A-4C74-9009-D673C53F35D5}.Debug|iPhoneSimulator.Build.0 = Debug|iPhoneSimulator
		{F0A47694-709A-4C74-9009-D673C53F35D5}.Debug|iPhoneSimulator.Deploy.0 = Debug|iPhoneSimulator
		{F0A47694-709A-4C74-9009-D673C53F35D5}.Release|Any CPU.ActiveCfg = Release|iPhoneSimulator
		{F0A47694-709A-4C74-9009-D673C53F35D5}.Release|Any CPU.Build.0 = Release|iPhoneSimulator
		{F0A47694-709A-4C74-9009-D673C53F35D5}.Release|Any CPU.Deploy.0 = Release|iPhoneSimulator
		{F0A47694-709A-4C74-9009-D673C53F35D5}.Release|iPhone.ActiveCfg = Release|iPhone
		{F0A47694-709A-4C74-9009-D673C53F35D5}.Release|iPhone.Build.0 = Release|iPhone
		{F0A47694-709A-4C74-9009-D673C53F35D5}.Release|iPhone.Deploy.0 = Release|iPhone
		{F0A47694-709A-4C74-9009-D673C53F35D5}.Release|iPhoneSimulator.ActiveCfg = Release|iPhoneSimulator
		{F0A47694-709A-4C74-9009-D673C53F35D5}.Release|iPhoneSimulator.Build.0 = Release|iPhoneSimulator
		{F0A47694-709A-4C74-9009-D673C53F35D5}.Release|iPhoneSimulator.Deploy.0 = Release|iPhoneSimulator
		{E0EB2FA9-0BE3-40D1-A3D1-D1397B82F8D4}.Debug|Any CPU.ActiveCfg = Debug|Any CPU
		{E0EB2FA9-0BE3-40D1-A3D1-D1397B82F8D4}.Debug|Any CPU.Build.0 = Debug|Any CPU
		{E0EB2FA9-0BE3-40D1-A3D1-D1397B82F8D4}.Debug|Any CPU.Deploy.0 = Debug|Any CPU
		{E0EB2FA9-0BE3-40D1-A3D1-D1397B82F8D4}.Debug|iPhone.ActiveCfg = Debug|Any CPU
		{E0EB2FA9-0BE3-40D1-A3D1-D1397B82F8D4}.Debug|iPhone.Build.0 = Debug|Any CPU
		{E0EB2FA9-0BE3-40D1-A3D1-D1397B82F8D4}.Debug|iPhone.Deploy.0 = Debug|Any CPU
		{E0EB2FA9-0BE3-40D1-A3D1-D1397B82F8D4}.Debug|iPhoneSimulator.ActiveCfg = Debug|Any CPU
		{E0EB2FA9-0BE3-40D1-A3D1-D1397B82F8D4}.Debug|iPhoneSimulator.Build.0 = Debug|Any CPU
		{E0EB2FA9-0BE3-40D1-A3D1-D1397B82F8D4}.Debug|iPhoneSimulator.Deploy.0 = Debug|Any CPU
		{E0EB2FA9-0BE3-40D1-A3D1-D1397B82F8D4}.Release|Any CPU.ActiveCfg = Release|Any CPU
		{E0EB2FA9-0BE3-40D1-A3D1-D1397B82F8D4}.Release|Any CPU.Build.0 = Release|Any CPU
		{E0EB2FA9-0BE3-40D1-A3D1-D1397B82F8D4}.Release|Any CPU.Deploy.0 = Release|Any CPU
		{E0EB2FA9-0BE3-40D1-A3D1-D1397B82F8D4}.Release|iPhone.ActiveCfg = Release|Any CPU
		{E0EB2FA9-0BE3-40D1-A3D1-D1397B82F8D4}.Release|iPhone.Build.0 = Release|Any CPU
		{E0EB2FA9-0BE3-40D1-A3D1-D1397B82F8D4}.Release|iPhone.Deploy.0 = Release|Any CPU
		{E0EB2FA9-0BE3-40D1-A3D1-D1397B82F8D4}.Release|iPhoneSimulator.ActiveCfg = Release|Any CPU
		{E0EB2FA9-0BE3-40D1-A3D1-D1397B82F8D4}.Release|iPhoneSimulator.Build.0 = Release|Any CPU
		{E0EB2FA9-0BE3-40D1-A3D1-D1397B82F8D4}.Release|iPhoneSimulator.Deploy.0 = Release|Any CPU
	EndGlobalSection
	GlobalSection(SolutionProperties) = preSolution
		HideSolutionNode = FALSE
	EndGlobalSection
	GlobalSection(ExtensibilityGlobals) = postSolution
		SolutionGuid = {B26D89A8-474D-45B2-BAB6-A3E106640AA5}
	EndGlobalSection
EndGlobal
